github.com/flopp/go-findfont v0.1.0 h1:lPn0BymDUtJo+ZkV01VS3661HL6F4qFlkhcJN55u6mU=
github.com/flopp/go-findfont v0.1.0/go.mod h1:wKKxRDjD024Rh7VMwoU90i6ikQRCr+JTHB5n4Ejkqvw=
github.com/go-text/typesetting v0.3.4 h1:YYurUOtEb9kGSOz4uE3k4OpBGsp1dDL8+fjCeaFamAU=
github.com/go-text/typesetting v0.3.4/go.mod h1:4qZCQphq4KSgGTAeI0uMEkVbROgfah8BuyF5LRYr7XY=
github.com/go-text/typesetting-utils v0.0.0-20260223113751-2d88ac90dae3 h1:drBZzMgdYPbmyXqOto4YhhJGrFIQCX94FpR4MzTCsos=
github.com/go-text/typesetting-utils v0.0.0-20260223113751-2d88ac90dae3/go.mod h1:3/62I4La/HBRX9TcTpBj4eipLiwzf+vhI+7whTc9V7o=
github.com/go-webgpu/goffi v0.5.1 h1:RSPR+YKT0tmbp5Uon+xwhN1veC9cehmqMptMkQuopok=
github.com/go-webgpu/goffi v0.5.1/go.mod h1:wfoxNsJkU+5RFbV1kNN1kunhc1lFHuJKK3zpgx08/uM=
github.com/go-webgpu/goffi v0.5.2 h1:Kq2llPlA6IhkkmAffkM5CtsgaXuBQC4mBI0BOREwV04=
github.com/go-webgpu/goffi v0.5.2/go.mod h1:wfoxNsJkU+5RFbV1kNN1kunhc1lFHuJKK3zpgx08/uM=
github.com/go-webgpu/goffi v0.5.3 h1:Ckc94SdHO42bIb0oEapRIcv+jKjhjGJfb9zPEvNKC7U=
github.com/go-webgpu/goffi v0.5.3/go.mod h1:wfoxNsJkU+5RFbV1kNN1kunhc1lFHuJKK3zpgx08/uM=
github.com/go-webgpu/webgpu v0.4.3 h1:dIBf7WgO/7VL2Cj7IFcq151rWqvSknsFe6k/+ZEEXEE=
github.com/go-webgpu/webgpu v0.4.3/go.mod h1:HNIBiaMJNdPeQd6hmHdQsXg4t4R99xVQybnoDGOShe0=
github.com/go-webgpu/webgpu v0.5.2 h1:E+yKCbRw/Dgn77pb/CX3kXatwwROGX7/B4ZFbRPaRbQ=
github.com/go-webgpu/webgpu v0.5.2/go.mod h1:d2RR3tI2kUtcMfpC+qJt46IRkDslRhftjCfQvnprGkY=
github.com/gogpu/gg v0.48.6 h1:S5SY3oEPKeI1NoTW2KohTtDgKdJl+vWpP6pU1V0w9MY=
github.com/gogpu/gg v0.48.6/go.mod h1:LC23ngZi+Ty/LOmfeSY0xzlBTnyZYr0HGPwAie1w3Lk=
github.com/gogpu/gg v0.48.7 h1:a2Se9XgjP0VtJzHO62hRZCUlBIVLJDpO2MSfIIh2wkw=
github.com/gogpu/gg v0.48.7/go.mod h1:KtMYgYxsSSNhKhia9vmOU9muvz9gROCTj8A7ZGxPwb8=
github.com/gogpu/gogpu v0.39.3 h1:bVKDmflNS9KJ7UUMYDzeYr/a3Hvr9GDz/+ywXFnzj18=
github.com/gogpu/gogpu v0.39.3/go.mod h1:rxJL3zQAOBCeqOSUim/2h3b+GH5rjTLywEcZqFjYc28=
github.com/gogpu/gogpu v0.40.0 h1:wOiTdaEtsc14xPuWg8tEfQLI8FnCVXtEKKeJu+VH0i8=
github.com/gogpu/gogpu v0.40.0/go.mod h1:43kdkwva6U0rb0kaVJSTRv5ne7PGA1+5KmyGW+cl0PY=
github.com/gogpu/gogpu v0.41.6 h1:SD+XP5+Fi6YClvGcFcB+qOFYgujVbCIETu0rUF6Fxfc=
github.com/gogpu/gogpu v0.41.6/go.mod h1:jRw5SbkqLIFzddq09qF4Ddk19DqJkW82E86Xz667E5c=
github.com/gogpu/gpucontext v0.19.0 h1:cVm5wUtK7F/anyYXc7vncrB/F9ujBQ2XUbi3oq4hBQ8=
github.com/gogpu/gpucontext v0.19.0/go.mod h1:6zwdmYXH5GQltoiHbb3WXVS/UJ5bFsCux0mXCVqGlzY=
github.com/gogpu/gputypes v0.5.0 h1:i2ED/9w6m6yLxf8XJT69/NIMSNTLO2y5F1LqvugCKIE=
github.com/gogpu/gputypes v0.5.0/go.mod h1:cnXrDMwTpWTvJLW1Vreop3PcT6a2YP/i3s91rPaOavw=
github.com/gogpu/naga v0.17.13 h1:VlponVgD1fEfNotx0874M4n7tnfum8YlMEB3pBdd2Ps=
github.com/gogpu/naga v0.17.13/go.mod h1:15sQaHKkbqXcwTN+hHYGLsA0WBBnkmYzne/eF5p5WEg=
github.com/gogpu/wgpu v0.28.8 h1:ZdeYlMSn91UmwOXN6q9Pn76tilOfP26DH7xEtIk825A=
github.com/gogpu/wgpu v0.28.8/go.mod h1:icn/JDIIYMxk68DpU7t1f9xV+seRyFI2j3YBMY6qSho=
github.com/gogpu/wgpu v0.29.1 h1:pSLOpg/VlhnkyZ2ffmnqkGUVAiuCbPnnduxlWgPHZwI=
github.com/gogpu/wgpu v0.29.1/go.mod h1:aZVNcEK4tf8fmSha+W7vwxxfJBBRWvUMjT+17bWHSYY=
github.com/gogpu/wgpu v0.29.9 h1:aeLTBqONtedAR98vkhpOSgYBLhbyaqGGDCFZVu1Foc0=
github.com/gogpu/wgpu v0.29.9/go.mod h1:QNkSyEeUPVjq8hDuScyki0+wJ5I7WCEvMyP9K9Z2aEw=
github.com/z46-dev/gctx2d v0.0.0-20260529132114-eed355bf76a5 h1:TNYUCttKP5QcX2LH7FdIGTfn0Nejvdre0Sp2ba1CVRA=
github.com/z46-dev/gctx2d v0.0.0-20260529132114-eed355bf76a5/go.mod h1:C3GvUP/aLtJwe5dfcezgxg+8Eb5ZWy0EeY/oaRwh+Kw=
github.com/z46-dev/gctx2d v0.0.0-20260529153224-86f194eff686 h1:VbY5wiS5ywY5jdYOXfAR+gyIiE45oBb/swwSJ05zy9g=
github.com/z46-dev/gctx2d v0.0.0-20260529153224-86f194eff686/go.mod h1:C3GvUP/aLtJwe5dfcezgxg+8Eb5ZWy0EeY/oaRwh+Kw=
github.com/z46-dev/gctx2d v0.0.0-20260529153346-03fe01210beb h1:8VB9Ni8VFiIjPU0XS773nUpC83BT/x4fUeTOg8TKM8U=
github.com/z46-dev/gctx2d v0.0.0-20260529153346-03fe01210beb/go.mod h1:C3GvUP/aLtJwe5dfcezgxg+8Eb5ZWy0EeY/oaRwh+Kw=
github.com/z46-dev/gctx2d v0.0.0-20260529165805-3b416bcb5876 h1:iQnqEt66LuwDhuqcpYbpEGIY27ENhmfuZCPPHsfXVmo=
github.com/z46-dev/gctx2d v0.0.0-20260529165805-3b416bcb5876/go.mod h1:C3GvUP/aLtJwe5dfcezgxg+8Eb5ZWy0EeY/oaRwh+Kw=
github.com/z46-dev/gctx2d v0.0.0-20260529175355-c6b28ab75e6c h1:tRR/Hbwu9iwG3aoIio3w9i4TKTM+JVDYR1zcWCgBMkU=
github.com/z46-dev/gctx2d v0.0.0-20260529175355-c6b28ab75e6c/go.mod h1:1X7DxoX3MyabJEfXnVzIB5U8hKvOdO5n2Yk2nzO2Qe8=
github.com/z46-dev/gctx2d v0.0.0-20260604192641-ee34b8e8f05f h1:acvg3hm1ypEtro00nQ6lB/xcH8wo5sdBVJ4DCDFHzjQ=
github.com/z46-dev/gctx2d v0.0.0-20260604192641-ee34b8e8f05f/go.mod h1:1X7DxoX3MyabJEfXnVzIB5U8hKvOdO5n2Yk2nzO2Qe8=
github.com/z46-dev/golog v0.0.0-20260324172018-d1a87bbdeb64 h1:KY2IxQAwISm/brHVhBGWXZjMttdoYf5h1J5StrRLZgM=
github.com/z46-dev/golog v0.0.0-20260324172018-d1a87bbdeb64/go.mod h1:NbT1GEG7RSgiGawFY58pylFq0eU7iJqOKn6tRKKHtDg=
golang.org/x/image v0.40.0 h1:Tw4GyDXMo+daZN1znreBRC3VayR1aLFUyUEOLUdW1a8=
golang.org/x/image v0.40.0/go.mod h1:uIc348UZMSvS5Z65CVZ7iDPaNobNFEPeJ4kbqTOszmA=
golang.org/x/image v0.41.0 h1:8wS72eGJMJaBxK6okTzd4WaXumUlTVlb753MlsSvTCo=
golang.org/x/image v0.41.0/go.mod h1:uIc348UZMSvS5Z65CVZ7iDPaNobNFEPeJ4kbqTOszmA=
golang.org/x/sys v0.44.0 h1:ildZl3J4uzeKP07r2F++Op7E9B29JRUy+a27EibtBTQ=
golang.org/x/sys v0.44.0/go.mod h1:4GL1E5IUh+htKOUEOaiffhrAeqysfVGipDYzABqnCmw=
golang.org/x/sys v0.45.0 h1:dO4czNzziLiiXplLQgBCEpCvXQ3dnkn0SdaZSYdQ+FY=
golang.org/x/sys v0.45.0/go.mod h1:4GL1E5IUh+htKOUEOaiffhrAeqysfVGipDYzABqnCmw=
golang.org/x/text v0.37.0 h1:Cqjiwd9eSg8e0QAkyCaQTNHFIIzWtidPahFWR83rTrc=
golang.org/x/text v0.37.0/go.mod h1:a5sjxXGs9hsn/AJVwuElvCAo9v8QYLzvavO5z2PiM38=
