github.com/flopp/go-findfont v0.1.0 h1:lPn0BymDUtJo+ZkV01VS3661HL6F4qFlkhcJN55u6mU=
github.com/flopp/go-findfont v0.1.0/go.mod h1:wKKxRDjD024Rh7VMwoU90i6ikQRCr+JTHB5n4Ejkqvw=
github.com/go-webgpu/goffi v0.5.3 h1:Ckc94SdHO42bIb0oEapRIcv+jKjhjGJfb9zPEvNKC7U=
github.com/go-webgpu/goffi v0.5.3/go.mod h1:wfoxNsJkU+5RFbV1kNN1kunhc1lFHuJKK3zpgx08/uM=
github.com/go-webgpu/webgpu v0.5.2 h1:E+yKCbRw/Dgn77pb/CX3kXatwwROGX7/B4ZFbRPaRbQ=
github.com/go-webgpu/webgpu v0.5.2/go.mod h1:d2RR3tI2kUtcMfpC+qJt46IRkDslRhftjCfQvnprGkY=
github.com/gogpu/gogpu v0.41.6 h1:SD+XP5+Fi6YClvGcFcB+qOFYgujVbCIETu0rUF6Fxfc=
github.com/gogpu/gogpu v0.41.6/go.mod h1:jRw5SbkqLIFzddq09qF4Ddk19DqJkW82E86Xz667E5c=
github.com/gogpu/gogpu v0.41.7 h1:1xvQTPUjgJadfx8ndsjoX2aumNme/Ld4jziWTC0DWUQ=
github.com/gogpu/gogpu v0.41.7/go.mod h1:647wiTJaF++1tRAPrdyYpt6CJdz6OZWbhzw4TCLKKlU=
github.com/gogpu/gogpu v0.41.8 h1:f72PYgzOh/7PpkqTZl4LpcrJooCixNEjHKvCJlI0kZQ=
github.com/gogpu/gogpu v0.41.8/go.mod h1:XCnAniuNprCsDSsKpxx/TV3QQdpZd4Q8Tyfxy0K5msc=
github.com/gogpu/gogpu v0.41.9 h1:BYFw77k5cyhsBLgDTYRaAVuub6DW2Slc/tOiwQD22pk=
github.com/gogpu/gogpu v0.41.9/go.mod h1:Bi1jXs0O8hJkCcYntC3Ovhqi/gRMOwJLjTd8vfZBQPY=
github.com/gogpu/gpucontext v0.19.0 h1:cVm5wUtK7F/anyYXc7vncrB/F9ujBQ2XUbi3oq4hBQ8=
github.com/gogpu/gpucontext v0.19.0/go.mod h1:6zwdmYXH5GQltoiHbb3WXVS/UJ5bFsCux0mXCVqGlzY=
github.com/gogpu/gputypes v0.5.0 h1:i2ED/9w6m6yLxf8XJT69/NIMSNTLO2y5F1LqvugCKIE=
github.com/gogpu/gputypes v0.5.0/go.mod h1:cnXrDMwTpWTvJLW1Vreop3PcT6a2YP/i3s91rPaOavw=
github.com/gogpu/naga v0.17.13 h1:VlponVgD1fEfNotx0874M4n7tnfum8YlMEB3pBdd2Ps=
github.com/gogpu/naga v0.17.13/go.mod h1:15sQaHKkbqXcwTN+hHYGLsA0WBBnkmYzne/eF5p5WEg=
github.com/gogpu/naga v0.17.14 h1:/xUBCkCHSaSi991SSOeYADS9jjlAQivea4brYduI/So=
github.com/gogpu/naga v0.17.14/go.mod h1:15sQaHKkbqXcwTN+hHYGLsA0WBBnkmYzne/eF5p5WEg=
github.com/gogpu/wgpu v0.29.9 h1:aeLTBqONtedAR98vkhpOSgYBLhbyaqGGDCFZVu1Foc0=
github.com/gogpu/wgpu v0.29.9/go.mod h1:QNkSyEeUPVjq8hDuScyki0+wJ5I7WCEvMyP9K9Z2aEw=
github.com/gogpu/wgpu v0.29.12 h1:NXPqrA+jgH5wH6xmXhXz+AtJaj6T+I0ZB13UD0cTtns=
github.com/gogpu/wgpu v0.29.12/go.mod h1:b2am8+xQ4Cm7ydmIyLpQdV8CPzt7I2QqlqBJikLnkUo=
github.com/gogpu/wgpu v0.29.13 h1:AP5ehEqMFBkFW7wjaQMEFygyz9y8mbqjrN217A3SJaA=
github.com/gogpu/wgpu v0.29.13/go.mod h1:bADGRXNCRDoItZMBd3t61v2L18jB7PJVC3N/0R0wZoA=
github.com/gogpu/wgpu v0.29.14 h1:Ewd1Ifn/EOlcLaJYni3e13svF8rTTnNTh/14nFBVSdo=
github.com/gogpu/wgpu v0.29.14/go.mod h1:bADGRXNCRDoItZMBd3t61v2L18jB7PJVC3N/0R0wZoA=
github.com/z46-dev/gctx2d v0.0.0-20260604192641-ee34b8e8f05f h1:acvg3hm1ypEtro00nQ6lB/xcH8wo5sdBVJ4DCDFHzjQ=
github.com/z46-dev/gctx2d v0.0.0-20260604192641-ee34b8e8f05f/go.mod h1:1X7DxoX3MyabJEfXnVzIB5U8hKvOdO5n2Yk2nzO2Qe8=
github.com/z46-dev/golog v0.0.0-20260324172018-d1a87bbdeb64 h1:KY2IxQAwISm/brHVhBGWXZjMttdoYf5h1J5StrRLZgM=
github.com/z46-dev/golog v0.0.0-20260324172018-d1a87bbdeb64/go.mod h1:NbT1GEG7RSgiGawFY58pylFq0eU7iJqOKn6tRKKHtDg=
golang.org/x/image v0.41.0 h1:8wS72eGJMJaBxK6okTzd4WaXumUlTVlb753MlsSvTCo=
golang.org/x/image v0.41.0/go.mod h1:uIc348UZMSvS5Z65CVZ7iDPaNobNFEPeJ4kbqTOszmA=
golang.org/x/image v0.42.0 h1:1gSs6ehNWXLbkHBIPcWztk3D/6aIA/8hauiAYtlodVY=
golang.org/x/image v0.42.0/go.mod h1:rrpelvGFt+kLPAjPM4HeWPgrl0FtafueU//e5N0qk/Q=
golang.org/x/sys v0.45.0 h1:dO4czNzziLiiXplLQgBCEpCvXQ3dnkn0SdaZSYdQ+FY=
golang.org/x/sys v0.45.0/go.mod h1:4GL1E5IUh+htKOUEOaiffhrAeqysfVGipDYzABqnCmw=
golang.org/x/sys v0.46.0 h1:noSf2Fq6F8DBgS+LysIkx7rIExoNHJsxOAtPp4rthXw=
golang.org/x/sys v0.46.0/go.mod h1:4GL1E5IUh+htKOUEOaiffhrAeqysfVGipDYzABqnCmw=
golang.org/x/text v0.37.0 h1:Cqjiwd9eSg8e0QAkyCaQTNHFIIzWtidPahFWR83rTrc=
golang.org/x/text v0.37.0/go.mod h1:a5sjxXGs9hsn/AJVwuElvCAo9v8QYLzvavO5z2PiM38=
golang.org/x/text v0.38.0 h1:sXmwo9DwP3OK9EZ7PqAdaooSGozfl/3a6/xJcbzPRhE=
golang.org/x/text v0.38.0/go.mod h1:YXZt3QhHUKYT53r2lLKFIVi6Ao1jdzrTR/KQ09qyxF4=
